
Microsoft Visual Studio Solution File, Format Version 12.00
# Visual Studio Version 17
VisualStudioVersion = 17.8.34511.84
MinimumVisualStudioVersion = 10.0.40219.1
Project("{FAE04EC0-301F-11D3-BF4B-00C04F79EFBC}") = "BlazorAuthencation.Server", "Server\BlazorAuthencation.Server.csproj", "{C7E73BA4-BCEB-424B-9A67-4CACCCF507BD}"
EndProject
Project("{FAE04EC0-301F-11D3-BF4B-00C04F79EFBC}") = "BlazorAuthencation.Client", "Client\BlazorAuthencation.Client.csproj", "{BF0D700B-6893-4FFB-9BC4-099DCF52D256}"
EndProject
Project("{FAE04EC0-301F-11D3-BF4B-00C04F79EFBC}") = "BlazorAuthencation.Shared", "Shared\BlazorAuthencation.Shared.csproj", "{C94CF169-47E1-4566-84F8-7BD0FDF2C1A8}"
EndProject
Global
	GlobalSection(SolutionConfigurationPlatforms) = preSolution
		Debug|Any CPU = Debug|Any CPU
		Release|Any CPU = Release|Any CPU
	EndGlobalSection
	GlobalSection(ProjectConfigurationPlatforms) = postSolution
		{C7E73BA4-BCEB-424B-9A67-4CACCCF507BD}.Debug|Any CPU.ActiveCfg = Debug|Any CPU
		{C7E73BA4-BCEB-424B-9A67-4CACCCF507BD}.Debug|Any CPU.Build.0 = Debug|Any CPU
		{C7E73BA4-BCEB-424B-9A67-4CACCCF507BD}.Release|Any CPU.ActiveCfg = Release|Any CPU
		{C7E73BA4-BCEB-424B-9A67-4CACCCF507BD}.Release|Any CPU.Build.0 = Release|Any CPU
		{BF0D700B-6893-4FFB-9BC4-099DCF52D256}.Debug|Any CPU.ActiveCfg = Debug|Any CPU
		{BF0D700B-6893-4FFB-9BC4-099DCF52D256}.Debug|Any CPU.Build.0 = Debug|Any CPU
		{BF0D700B-6893-4FFB-9BC4-099DCF52D256}.Release|Any CPU.ActiveCfg = Release|Any CPU
		{BF0D700B-6893-4FFB-9BC4-099DCF52D256}.Release|Any CPU.Build.0 = Release|Any CPU
		{C94CF169-47E1-4566-84F8-7BD0FDF2C1A8}.Debug|Any CPU.ActiveCfg = Debug|Any CPU
		{C94CF169-47E1-4566-84F8-7BD0FDF2C1A8}.Debug|Any CPU.Build.0 = Debug|Any CPU
		{C94CF169-47E1-4566-84F8-7BD0FDF2C1A8}.Release|Any CPU.ActiveCfg = Release|Any CPU
		{C94CF169-47E1-4566-84F8-7BD0FDF2C1A8}.Release|Any CPU.Build.0 = Release|Any CPU
	EndGlobalSection
	GlobalSection(SolutionProperties) = preSolution
		HideSolutionNode = FALSE
	EndGlobalSection
	GlobalSection(ExtensibilityGlobals) = postSolution
		SolutionGuid = {DBF13A56-922D-415E-B7D2-7F87E3E8667B}
	EndGlobalSection
EndGlobal
